
Microsoft Visual Studio Solution File, Format Version 12.00
# Visual Studio Version 16
VisualStudioVersion = 16.0.30309.148
MinimumVisualStudioVersion = 10.0.40219.1
Project("{2150E333-8FDC-42A3-9474-1A3956D46DE8}") = "1.Library", "1.Library", "{5EDEFD5A-30A8-4EFE-8598-F209840FE6AF}"
	ProjectSection(SolutionItems) = preProject
		Library\EQATEC.Analytics.Monitor.dll = Library\EQATEC.Analytics.Monitor.dll
		Library\Microsoft.Office.Interop.Excel.dll = Library\Microsoft.Office.Interop.Excel.dll
		Library\Microsoft.Practices.ServiceLocation.dll = Library\Microsoft.Practices.ServiceLocation.dll
		Library\Microsoft.Practices.Unity.dll = Library\Microsoft.Practices.Unity.dll
		Library\Microsoft.Practices.Unity.Interception.dll = Library\Microsoft.Practices.Unity.Interception.dll
		Library\RadControlSpy.dll = Library\RadControlSpy.dll
		Library\System.Windows.Forms.DataVisualization.Design.dll = Library\System.Windows.Forms.DataVisualization.Design.dll
		Library\System.Windows.Forms.DataVisualization.dll = Library\System.Windows.Forms.DataVisualization.dll
		Library\Telerik.Documents.SpreadsheetStreaming.dll = Library\Telerik.Documents.SpreadsheetStreaming.dll
		Library\Telerik.Reporting.Adomd.dll = Library\Telerik.Reporting.Adomd.dll
		Library\Telerik.Reporting.Cache.Database.dll = Library\Telerik.Reporting.Cache.Database.dll
		Library\Telerik.Reporting.Cache.StackExchangeRedis.dll = Library\Telerik.Reporting.Cache.StackExchangeRedis.dll
		Library\Telerik.Reporting.dll = Library\Telerik.Reporting.dll
		Library\Telerik.Reporting.Interfaces.dll = Library\Telerik.Reporting.Interfaces.dll
		Library\Telerik.Reporting.OpenXmlRendering.dll = Library\Telerik.Reporting.OpenXmlRendering.dll
		Library\Telerik.Reporting.Service.dll = Library\Telerik.Reporting.Service.dll
		Library\Telerik.Reporting.Services.HttpClient.dll = Library\Telerik.Reporting.Services.HttpClient.dll
		Library\Telerik.Reporting.Services.ServiceStack.dll = Library\Telerik.Reporting.Services.ServiceStack.dll
		Library\Telerik.Reporting.Services.WebApi.dll = Library\Telerik.Reporting.Services.WebApi.dll
		Library\Telerik.Reporting.XpsRendering.dll = Library\Telerik.Reporting.XpsRendering.dll
		Library\Telerik.ReportServer.Interfaces.dll = Library\Telerik.ReportServer.Interfaces.dll
		Library\Telerik.ReportViewer.Html5.WebForms.dll = Library\Telerik.ReportViewer.Html5.WebForms.dll
		Library\Telerik.ReportViewer.Mvc.dll = Library\Telerik.ReportViewer.Mvc.dll
		Library\Telerik.ReportViewer.Silverlight.dll = Library\Telerik.ReportViewer.Silverlight.dll
		Library\Telerik.ReportViewer.WebForms.dll = Library\Telerik.ReportViewer.WebForms.dll
		Library\Telerik.ReportViewer.WinForms.dll = Library\Telerik.ReportViewer.WinForms.dll
		Library\Telerik.ReportViewer.Wpf.dll = Library\Telerik.ReportViewer.Wpf.dll
		Library\Telerik.WinControls.Analytics.dll = Library\Telerik.WinControls.Analytics.dll
		Library\Telerik.WinControls.ChartView.dll = Library\Telerik.WinControls.ChartView.dll
		Library\Telerik.WinControls.dll = Library\Telerik.WinControls.dll
		Library\Telerik.WinControls.GridView.dll = Library\Telerik.WinControls.GridView.dll
		Library\Telerik.WinControls.PdfViewer.dll = Library\Telerik.WinControls.PdfViewer.dll
		Library\Telerik.WinControls.PivotGrid.dll = Library\Telerik.WinControls.PivotGrid.dll
		Library\Telerik.WinControls.RadChart.dll = Library\Telerik.WinControls.RadChart.dll
		Library\Telerik.WinControls.RadDiagram.dll = Library\Telerik.WinControls.RadDiagram.dll
		Library\Telerik.WinControls.RadDock.dll = Library\Telerik.WinControls.RadDock.dll
		Library\Telerik.WinControls.RadMap.dll = Library\Telerik.WinControls.RadMap.dll
		Library\Telerik.WinControls.RadMarkupEditor.dll = Library\Telerik.WinControls.RadMarkupEditor.dll
		Library\Telerik.WinControls.RichTextBox.dll = Library\Telerik.WinControls.RichTextBox.dll
		Library\Telerik.WinControls.RichTextEditor.dll = Library\Telerik.WinControls.RichTextEditor.dll
		Library\Telerik.WinControls.Scheduler.dll = Library\Telerik.WinControls.Scheduler.dll
		Library\Telerik.WinControls.SpellChecker.dll = Library\Telerik.WinControls.SpellChecker.dll
		Library\Telerik.WinControls.Themes.Aqua.dll = Library\Telerik.WinControls.Themes.Aqua.dll
		Library\Telerik.WinControls.Themes.Breeze.dll = Library\Telerik.WinControls.Themes.Breeze.dll
		Library\Telerik.WinControls.Themes.Desert.dll = Library\Telerik.WinControls.Themes.Desert.dll
		Library\Telerik.WinControls.Themes.HighContrastBlack.dll = Library\Telerik.WinControls.Themes.HighContrastBlack.dll
		Library\Telerik.WinControls.Themes.Office2007Black.dll = Library\Telerik.WinControls.Themes.Office2007Black.dll
		Library\Telerik.WinControls.Themes.Office2007Silver.dll = Library\Telerik.WinControls.Themes.Office2007Silver.dll
		Library\Telerik.WinControls.Themes.Office2010Black.dll = Library\Telerik.WinControls.Themes.Office2010Black.dll
		Library\Telerik.WinControls.Themes.Office2010Blue.dll = Library\Telerik.WinControls.Themes.Office2010Blue.dll
		Library\Telerik.WinControls.Themes.Office2010Silver.dll = Library\Telerik.WinControls.Themes.Office2010Silver.dll
		Library\Telerik.WinControls.Themes.Office2013Dark.dll = Library\Telerik.WinControls.Themes.Office2013Dark.dll
		Library\Telerik.WinControls.Themes.Office2013Light.dll = Library\Telerik.WinControls.Themes.Office2013Light.dll
		Library\Telerik.WinControls.Themes.TelerikMetro.dll = Library\Telerik.WinControls.Themes.TelerikMetro.dll
		Library\Telerik.WinControls.Themes.TelerikMetroBlue.dll = Library\Telerik.WinControls.Themes.TelerikMetroBlue.dll
		Library\Telerik.WinControls.Themes.TelerikMetroTouch.dll = Library\Telerik.WinControls.Themes.TelerikMetroTouch.dll
		Library\Telerik.WinControls.Themes.VisualStudio2012Dark.dll = Library\Telerik.WinControls.Themes.VisualStudio2012Dark.dll
		Library\Telerik.WinControls.Themes.VisualStudio2012Light.dll = Library\Telerik.WinControls.Themes.VisualStudio2012Light.dll
		Library\Telerik.WinControls.Themes.Windows7.dll = Library\Telerik.WinControls.Themes.Windows7.dll
		Library\Telerik.WinControls.Themes.Windows8.dll = Library\Telerik.WinControls.Themes.Windows8.dll
		Library\Telerik.WinControls.UI.Design.dll = Library\Telerik.WinControls.UI.Design.dll
		Library\Telerik.WinControls.UI.dll = Library\Telerik.WinControls.UI.dll
		Library\Telerik.Windows.Documents.Core.dll = Library\Telerik.Windows.Documents.Core.dll
		Library\Telerik.Windows.Documents.Fixed.dll = Library\Telerik.Windows.Documents.Fixed.dll
		Library\Telerik.Windows.Documents.Flow.dll = Library\Telerik.Windows.Documents.Flow.dll
		Library\Telerik.Windows.Documents.Flow.FormatProviders.Pdf.dll = Library\Telerik.Windows.Documents.Flow.FormatProviders.Pdf.dll
		Library\Telerik.Windows.Documents.Spreadsheet.dll = Library\Telerik.Windows.Documents.Spreadsheet.dll
		Library\Telerik.Windows.Documents.Spreadsheet.FormatProviders.OpenXml.dll = Library\Telerik.Windows.Documents.Spreadsheet.FormatProviders.OpenXml.dll
		Library\Telerik.Windows.Documents.Spreadsheet.FormatProviders.Pdf.dll = Library\Telerik.Windows.Documents.Spreadsheet.FormatProviders.Pdf.dll
		Library\Telerik.Windows.Zip.dll = Library\Telerik.Windows.Zip.dll
		Library\TelerikCommon.dll = Library\TelerikCommon.dll
		Library\TelerikData.dll = Library\TelerikData.dll
		Library\TelerikExport.dll = Library\TelerikExport.dll
		Library\TripleDESCrypto.dll = Library\TripleDESCrypto.dll
		Library\VisualStyleBuilder.Design.dll = Library\VisualStyleBuilder.Design.dll
	EndProjectSection
EndProject
Project("{2150E333-8FDC-42A3-9474-1A3956D46DE8}") = "2.Project.Framework", "2.Project.Framework", "{308E8395-34E6-4F2D-9A86-5F125A842719}"
EndProject
Project("{2150E333-8FDC-42A3-9474-1A3956D46DE8}") = "3.Project.Common", "3.Project.Common", "{5F321F22-F613-4380-91BD-814121E2095C}"
EndProject
Project("{2150E333-8FDC-42A3-9474-1A3956D46DE8}") = "4.Resource", "4.Resource", "{7382E52D-13AF-444B-8DE3-138B961D970E}"
	ProjectSection(SolutionItems) = preProject
		Resource\5RibbonbarMenuPrint2.png = Resource\5RibbonbarMenuPrint2.png
		Resource\Alerticon.png = Resource\Alerticon.png
		Resource\arrow.gif = Resource\arrow.gif
		Resource\BindingNavigatorMoveLastItem.Image.png = Resource\BindingNavigatorMoveLastItem.Image.png
		Resource\BindingNavigatorMoveNextItem.Image.png = Resource\BindingNavigatorMoveNextItem.Image.png
		Resource\BindingNavigatorMovePreviousItem.Image.png = Resource\BindingNavigatorMovePreviousItem.Image.png
		Resource\blog_post.png = Resource\blog_post.png
		Resource\Blue.png = Resource\Blue.png
		Resource\bug-logo.png = Resource\bug-logo.png
		Resource\Build.png = Resource\Build.png
		Resource\BuildEvents.png = Resource\BuildEvents.png
		Resource\BUL.png = Resource\BUL.png
		Resource\button.png = Resource\button.png
		Resource\buttonBack.png = Resource\buttonBack.png
		Resource\buttonClosesmall.png = Resource\buttonClosesmall.png
		Resource\buttonConfirm.png = Resource\buttonConfirm.png
		Resource\ButtonExit.png = Resource\ButtonExit.png
		Resource\ButtonExit2.png = Resource\ButtonExit2.png
		Resource\ButtonExit3.png = Resource\ButtonExit3.png
		Resource\ButtonExit4.png = Resource\ButtonExit4.png
		Resource\ButtonExit5.png = Resource\ButtonExit5.png
		Resource\buttonGray.jpg = Resource\buttonGray.jpg
		Resource\buttonLoginExit.png = Resource\buttonLoginExit.png
		Resource\buttonLogOut.png = Resource\buttonLogOut.png
		Resource\buttonMenu.png = Resource\buttonMenu.png
		Resource\buttonNext.png = Resource\buttonNext.png
		Resource\buttonPause.png = Resource\buttonPause.png
		Resource\buttonPlay.png = Resource\buttonPlay.png
		Resource\buttonPrint.png = Resource\buttonPrint.png
		Resource\buttonRepeat.png = Resource\buttonRepeat.png
		Resource\ButtonSaveExcel.png = Resource\ButtonSaveExcel.png
		Resource\ButtonSaveExcel2.png = Resource\ButtonSaveExcel2.png
		Resource\buttonSearch.png = Resource\buttonSearch.png
		Resource\buttonSearch2.png = Resource\buttonSearch2.png
		Resource\buttonSearch3.png = Resource\buttonSearch3.png
		Resource\buttonSearch4.png = Resource\buttonSearch4.png
		Resource\buttonSearch5.png = Resource\buttonSearch5.png
		Resource\buttonSearch_Click.png = Resource\buttonSearch_Click.png
		Resource\buttonSearch_None.png = Resource\buttonSearch_None.png
		Resource\buttonSelect.png = Resource\buttonSelect.png
		Resource\buttonSelect2.png = Resource\buttonSelect2.png
		Resource\calendar.jpg = Resource\calendar.jpg
		Resource\calendar.png = Resource\calendar.png
		Resource\carousel_leftArrow.png = Resource\carousel_leftArrow.png
		Resource\carousel_rightArrow.png = Resource\carousel_rightArrow.png
		Resource\CarouselSettings_Close.png = Resource\CarouselSettings_Close.png
		Resource\CarouselSettings_Max.png = Resource\CarouselSettings_Max.png
		Resource\CarouselSettings_Min.png = Resource\CarouselSettings_Min.png
		Resource\CarouselSettings_NextBtn.png = Resource\CarouselSettings_NextBtn.png
		Resource\CarouselSettings_PrevBtn.png = Resource\CarouselSettings_PrevBtn.png
		Resource\D001_ManageLocation.ico = Resource\D001_ManageLocation.ico
		Resource\D002_ConvertData.ico = Resource\D002_ConvertData.ico
		Resource\D003_TotalPickingList.ico = Resource\D003_TotalPickingList.ico
		Resource\D004_SearchByCustomer.ico = Resource\D004_SearchByCustomer.ico
		Resource\D005_SearchByProduct.ico = Resource\D005_SearchByProduct.ico
		Resource\D006_SendResult.ico = Resource\D006_SendResult.ico
		Resource\D007_SingleSupplyWorking.ico = Resource\D007_SingleSupplyWorking.ico
		Resource\D008.ico = Resource\D008.ico
		Resource\D009.ico = Resource\D009.ico
		Resource\D999_AdminMenu.ico = Resource\D999_AdminMenu.ico
		Resource\darkblueback.png = Resource\darkblueback.png
		Resource\das_logo_bw.png = Resource\das_logo_bw.png
		Resource\DashBoard.jpg = Resource\DashBoard.jpg
		Resource\DashBoard_right.jpg = Resource\DashBoard_right.jpg
		Resource\DashBoardScan.jpg = Resource\DashBoardScan.jpg
		Resource\DataReceive.png = Resource\DataReceive.png
		Resource\DataReceive2.png = Resource\DataReceive2.png
		Resource\DB001_ManageLocation.ico = Resource\DB001_ManageLocation.ico
		Resource\DB002_ReceiveData.ico = Resource\DB002_ReceiveData.ico
		Resource\DB003_MiddleGroupList.ico = Resource\DB003_MiddleGroupList.ico
		Resource\DB004_SearchByShop.ico = Resource\DB004_SearchByShop.ico
		Resource\DB005_SearchByProduct.ico = Resource\DB005_SearchByProduct.ico
		Resource\DB006_SendResult.ico = Resource\DB006_SendResult.ico
		Resource\DB007_ManageLoad.ico = Resource\DB007_ManageLoad.ico
		Resource\DB008.ico = Resource\DB008.ico
		Resource\DB009.ico = Resource\DB009.ico
		Resource\DB999_AdminMenu.ico = Resource\DB999_AdminMenu.ico
		Resource\DPS001_ManageLocation.ico = Resource\DPS001_ManageLocation.ico
		Resource\DPS002_ReceiveData.ico = Resource\DPS002_ReceiveData.ico
		Resource\DPS003_SearchByShop.ico = Resource\DPS003_SearchByShop.ico
		Resource\DPS004_SearchByProduct.ico = Resource\DPS004_SearchByProduct.ico
		Resource\DPS005_SendResult.ico = Resource\DPS005_SendResult.ico
		Resource\DPS006.ico = Resource\DPS006.ico
		Resource\DPS007.ico = Resource\DPS007.ico
		Resource\DPS999_AdminMenu.ico = Resource\DPS999_AdminMenu.ico
		Resource\indicator_big.gif = Resource\indicator_big.gif
		Resource\Loadingpn.png = Resource\Loadingpn.png
		Resource\LoadingPopUp.png = Resource\LoadingPopUp.png
		Resource\Login_Logo.jpg = Resource\Login_Logo.jpg
		Resource\LoginButton.png = Resource\LoginButton.png
		Resource\LoginButton2.png = Resource\LoginButton2.png
		Resource\LoginButton3.png = Resource\LoginButton3.png
		Resource\LoginContents.jpg = Resource\LoginContents.jpg
		Resource\LoginContents2.png = Resource\LoginContents2.png
		Resource\LoginInfo.png = Resource\LoginInfo.png
		Resource\LoginInfo2.png = Resource\LoginInfo2.png
		Resource\LoginMain.png = Resource\LoginMain.png
		Resource\LogOut.jpg = Resource\LogOut.jpg
		Resource\Logout1.gif = Resource\Logout1.gif
		Resource\logout_2.jpg = Resource\logout_2.jpg
		Resource\logout_3.jpg = Resource\logout_3.jpg
		Resource\logout_4.jpg = Resource\logout_4.jpg
		Resource\Logout_4.png = Resource\Logout_4.png
		Resource\MailNew.png = Resource\MailNew.png
		Resource\MailOpened.png = Resource\MailOpened.png
		Resource\MAIN.ico = Resource\MAIN.ico
		Resource\Mainbar.jpg = Resource\Mainbar.jpg
		Resource\MainPic = Resource\MainPic
		Resource\MarketSchedule.xml = Resource\MarketSchedule.xml
		Resource\MediaPlayerAnimated.xml = Resource\MediaPlayerAnimated.xml
		Resource\MediaPlayerAnimatedBlack.xml = Resource\MediaPlayerAnimatedBlack.xml
		Resource\MediaTitleBar.xml = Resource\MediaTitleBar.xml
		Resource\MediaTitleBarBlack.xml = Resource\MediaTitleBarBlack.xml
		Resource\menu_firstlook_bg.png = Resource\menu_firstlook_bg.png
		Resource\menuarrowbutton.png = Resource\menuarrowbutton.png
		Resource\menuarrowbutton2.png = Resource\menuarrowbutton2.png
		Resource\MenuButtonTheme.xml = Resource\MenuButtonTheme.xml
		Resource\MenuFirstLook.xml = Resource\MenuFirstLook.xml
		Resource\MenuFirstLook_Button.xml = Resource\MenuFirstLook_Button.xml
		Resource\MenuNavigator.jpg = Resource\MenuNavigator.jpg
		Resource\MenuNavigator.png = Resource\MenuNavigator.png
		Resource\message_bg.gif = Resource\message_bg.gif
		Resource\mspaint.png = Resource\mspaint.png
		Resource\popupbackground.jpg = Resource\popupbackground.jpg
		Resource\popupbackground2.jpg = Resource\popupbackground2.jpg
		Resource\popupHeaaderBar.jpg = Resource\popupHeaaderBar.jpg
		Resource\popupHeaaderBar2.jpg = Resource\popupHeaaderBar2.jpg
		Resource\print.png = Resource\print.png
		Resource\print_preview.ico = Resource\print_preview.ico
		Resource\print_small.png = Resource\print_small.png
		Resource\printer-icon.jpg = Resource\printer-icon.jpg
		Resource\S001_ReceiveData.ico = Resource\S001_ReceiveData.ico
		Resource\S002_ManageLocation.ico = Resource\S002_ManageLocation.ico
		Resource\S003_ConvertSorter.ico = Resource\S003_ConvertSorter.ico
		Resource\S004_SearchByShop.ico = Resource\S004_SearchByShop.ico
		Resource\S005_SearchByProduct.ico = Resource\S005_SearchByProduct.ico
		Resource\S006_SearchTrayinfo.ico = Resource\S006_SearchTrayinfo.ico
		Resource\S007_SendResult.ico = Resource\S007_SendResult.ico
		Resource\S008_ManageBatch - 복사본.ico = Resource\S008_ManageBatch - 복사본.ico
		Resource\S008_ManageBatch.ico = Resource\S008_ManageBatch.ico
		Resource\S009_ManageLoad.ico = Resource\S009_ManageLoad.ico
		Resource\S999_AdminMenu.ico = Resource\S999_AdminMenu.ico
		Resource\sms_logo.jpg = Resource\sms_logo.jpg
		Resource\sms_logo_bw.png = Resource\sms_logo_bw.png
		Resource\spotblue.jpg = Resource\spotblue.jpg
		Resource\Tabheader.gif = Resource\Tabheader.gif
		Resource\Tabheader.png = Resource\Tabheader.png
		Resource\Tabheader2.gif = Resource\Tabheader2.gif
		Resource\TitleBar.jpg = Resource\TitleBar.jpg
		Resource\TitleBar.jpg2.png = Resource\TitleBar.jpg2.png
		Resource\TitleBar2.png = Resource\TitleBar2.png
		Resource\workStatus_Timer_BackGround.png = Resource\workStatus_Timer_BackGround.png
		Resource\workStatus_Timer_BackGround2.png = Resource\workStatus_Timer_BackGround2.png
		Resource\한글로고.png = Resource\한글로고.png
	EndProjectSection
EndProject
Project("{FAE04EC0-301F-11D3-BF4B-00C04F79EFBC}") = "lib.Common", "Project.Common\lib.Common\lib.Common.csproj", "{F8A817D3-AE55-4E35-95AA-6748ADC48A51}"
EndProject
Project("{FAE04EC0-301F-11D3-BF4B-00C04F79EFBC}") = "lib.Common.Crypto", "Project.Common\lib.Common.Crypto\lib.Common.Crypto.csproj", "{7958B7C6-191E-4BF9-BBC4-4F7396B9A375}"
EndProject
Project("{FAE04EC0-301F-11D3-BF4B-00C04F79EFBC}") = "lib.Common.Management", "Project.Common\lib.Common.Management\lib.Common.Management.csproj", "{7997A6F6-07AB-46EF-BFB9-200D65EF48A5}"
EndProject
Project("{FAE04EC0-301F-11D3-BF4B-00C04F79EFBC}") = "lib.Common.Log", "Project.Common\lib.Log\lib.Common.Log.csproj", "{B8C61D5D-0BB3-4B95-B47D-FF79531C1989}"
EndProject
Project("{FAE04EC0-301F-11D3-BF4B-00C04F79EFBC}") = "bowoo.Framework.common", "bowoo.Framework.common\bowoo.Framework.common.csproj", "{4A88F619-67AF-445A-BD2B-3EC30B71A2E2}"
EndProject
Project("{FAE04EC0-301F-11D3-BF4B-00C04F79EFBC}") = "bowoo.Lib", "bowoo.Lib\bowoo.Lib.csproj", "{AED859A8-E17D-404C-86D7-D24D7C89A9EF}"
EndProject
Project("{FAE04EC0-301F-11D3-BF4B-00C04F79EFBC}") = "Das_B2B", "Das_B2B\Das_B2B.csproj", "{EA6DC179-ECC5-46BE-8E8D-BC6F4E0EBA01}"
EndProject
Project("{FAE04EC0-301F-11D3-BF4B-00C04F79EFBC}") = "Das_DashBoard", "Das_DashBoard\Das_DashBoard.csproj", "{52D38B21-24DD-4450-B4D5-0EB0C50A235A}"
EndProject
Project("{FAE04EC0-301F-11D3-BF4B-00C04F79EFBC}") = "Das_B2C", "Das_B2C\Das_B2C.csproj", "{FE755F4D-568D-4777-8869-0A70E9F3FC28}"
EndProject
Project("{FAE04EC0-301F-11D3-BF4B-00C04F79EFBC}") = "Sorter", "Sorter\Sorter.csproj", "{FD29C898-5DD2-4DAF-9C2C-B639A92AF39D}"
EndProject
Project("{FAE04EC0-301F-11D3-BF4B-00C04F79EFBC}") = "Sorter_DashBoard", "Sorter_DashBoard\Sorter_DashBoard.csproj", "{FE31172C-D6A0-4DD7-A6ED-16ED3A13FB24}"
EndProject
Project("{FAE04EC0-301F-11D3-BF4B-00C04F79EFBC}") = "DAS_Controller", "DAS_Controller\DAS_Controller.csproj", "{852E0C4D-82FC-4396-ABFD-D2BD884B257C}"
EndProject
Project("{FAE04EC0-301F-11D3-BF4B-00C04F79EFBC}") = "Dps_B2C", "DPS\Dps_B2C.csproj", "{DFC751A7-3912-4091-AAAD-8498A2667057}"
EndProject
Project("{FAE04EC0-301F-11D3-BF4B-00C04F79EFBC}") = "Dps_B2B", "DPS_B2B\Dps_B2B.csproj", "{DC5B360F-2F3A-408E-A496-310B73E94C41}"
EndProject
Project("{FAE04EC0-301F-11D3-BF4B-00C04F79EFBC}") = "DPS_B2B_DashBoard", "DPS_B2B_DashBoard\DPS_B2B_DashBoard.csproj", "{245993D6-29D8-45CD-BBCB-ABBA5887687A}"
EndProject
Project("{FAE04EC0-301F-11D3-BF4B-00C04F79EFBC}") = "PMS", "PMS\PMS.csproj", "{A6D2F344-D8D2-4C1A-B7A7-FB40E4E00F66}"
EndProject
Project("{FAE04EC0-301F-11D3-BF4B-00C04F79EFBC}") = "PCS_Controller", "PCS_Controller\PCS_Controller.csproj", "{DE542AAA-C14D-4B46-8CA6-41706F691484}"
EndProject
Project("{FAE04EC0-301F-11D3-BF4B-00C04F79EFBC}") = "PCS_DashBoard", "PCS_DashBoard\PCS_DashBoard.csproj", "{619DEE7F-2C71-41D3-A1D0-0E3CF0D89788}"
EndProject
Project("{54435603-DBB4-11D2-8724-00A0C9A8B90C}") = "Pickingcart Client System", "Pickingcart Client System\Pickingcart Client System.vdproj", "{70808CA1-4271-46E2-8C65-260CF55CDF32}"
EndProject
Project("{54435603-DBB4-11D2-8724-00A0C9A8B90C}") = "Pickingcart Management System", "Pickingcart Management System\Pickingcart Management System.vdproj", "{4D0932A5-F3F8-461C-B0EA-73C0639C9EA7}"
EndProject
Project("{54435603-DBB4-11D2-8724-00A0C9A8B90C}") = "Tilt Sorter Management System", "Tilt Sorter Management System\Tilt Sorter Management System.vdproj", "{CC0ED342-0D35-4F15-865C-076913652EFD}"
EndProject
Project("{FAE04EC0-301F-11D3-BF4B-00C04F79EFBC}") = "DPS_Controller", "DPS_Controller\DPS_Controller.csproj", "{A7F2BF5C-382A-43C8-AEB0-806F09C9D69F}"
EndProject
Global
	GlobalSection(SolutionConfigurationPlatforms) = preSolution
		Debug|Any CPU = Debug|Any CPU
		Debug|ARM = Debug|ARM
		Debug|Mixed Platforms = Debug|Mixed Platforms
		Debug|x64 = Debug|x64
		Debug|x86 = Debug|x86
		Release|Any CPU = Release|Any CPU
		Release|ARM = Release|ARM
		Release|Mixed Platforms = Release|Mixed Platforms
		Release|x64 = Release|x64
		Release|x86 = Release|x86
	EndGlobalSection
	GlobalSection(ProjectConfigurationPlatforms) = postSolution
		{F8A817D3-AE55-4E35-95AA-6748ADC48A51}.Debug|Any CPU.ActiveCfg = Debug|Any CPU
		{F8A817D3-AE55-4E35-95AA-6748ADC48A51}.Debug|Any CPU.Build.0 = Debug|Any CPU
		{F8A817D3-AE55-4E35-95AA-6748ADC48A51}.Debug|ARM.ActiveCfg = Debug|Any CPU
		{F8A817D3-AE55-4E35-95AA-6748ADC48A51}.Debug|Mixed Platforms.ActiveCfg = Debug|Any CPU
		{F8A817D3-AE55-4E35-95AA-6748ADC48A51}.Debug|Mixed Platforms.Build.0 = Debug|Any CPU
		{F8A817D3-AE55-4E35-95AA-6748ADC48A51}.Debug|x64.ActiveCfg = Debug|Any CPU
		{F8A817D3-AE55-4E35-95AA-6748ADC48A51}.Debug|x86.ActiveCfg = Debug|Any CPU
		{F8A817D3-AE55-4E35-95AA-6748ADC48A51}.Release|Any CPU.ActiveCfg = Release|Any CPU
		{F8A817D3-AE55-4E35-95AA-6748ADC48A51}.Release|Any CPU.Build.0 = Release|Any CPU
		{F8A817D3-AE55-4E35-95AA-6748ADC48A51}.Release|ARM.ActiveCfg = Release|Any CPU
		{F8A817D3-AE55-4E35-95AA-6748ADC48A51}.Release|Mixed Platforms.ActiveCfg = Release|Any CPU
		{F8A817D3-AE55-4E35-95AA-6748ADC48A51}.Release|Mixed Platforms.Build.0 = Release|Any CPU
		{F8A817D3-AE55-4E35-95AA-6748ADC48A51}.Release|x64.ActiveCfg = Release|Any CPU
		{F8A817D3-AE55-4E35-95AA-6748ADC48A51}.Release|x86.ActiveCfg = Release|Any CPU
		{7958B7C6-191E-4BF9-BBC4-4F7396B9A375}.Debug|Any CPU.ActiveCfg = Debug|Any CPU
		{7958B7C6-191E-4BF9-BBC4-4F7396B9A375}.Debug|Any CPU.Build.0 = Debug|Any CPU
		{7958B7C6-191E-4BF9-BBC4-4F7396B9A375}.Debug|ARM.ActiveCfg = Debug|Any CPU
		{7958B7C6-191E-4BF9-BBC4-4F7396B9A375}.Debug|Mixed Platforms.ActiveCfg = Debug|Any CPU
		{7958B7C6-191E-4BF9-BBC4-4F7396B9A375}.Debug|Mixed Platforms.Build.0 = Debug|Any CPU
		{7958B7C6-191E-4BF9-BBC4-4F7396B9A375}.Debug|x64.ActiveCfg = Debug|Any CPU
		{7958B7C6-191E-4BF9-BBC4-4F7396B9A375}.Debug|x86.ActiveCfg = Debug|Any CPU
		{7958B7C6-191E-4BF9-BBC4-4F7396B9A375}.Release|Any CPU.ActiveCfg = Release|Any CPU
		{7958B7C6-191E-4BF9-BBC4-4F7396B9A375}.Release|Any CPU.Build.0 = Release|Any CPU
		{7958B7C6-191E-4BF9-BBC4-4F7396B9A375}.Release|ARM.ActiveCfg = Release|Any CPU
		{7958B7C6-191E-4BF9-BBC4-4F7396B9A375}.Release|Mixed Platforms.ActiveCfg = Release|Any CPU
		{7958B7C6-191E-4BF9-BBC4-4F7396B9A375}.Release|Mixed Platforms.Build.0 = Release|Any CPU
		{7958B7C6-191E-4BF9-BBC4-4F7396B9A375}.Release|x64.ActiveCfg = Release|Any CPU
		{7958B7C6-191E-4BF9-BBC4-4F7396B9A375}.Release|x86.ActiveCfg = Release|Any CPU
		{7997A6F6-07AB-46EF-BFB9-200D65EF48A5}.Debug|Any CPU.ActiveCfg = Debug|x86
		{7997A6F6-07AB-46EF-BFB9-200D65EF48A5}.Debug|ARM.ActiveCfg = Debug|x86
		{7997A6F6-07AB-46EF-BFB9-200D65EF48A5}.Debug|Mixed Platforms.ActiveCfg = Debug|x86
		{7997A6F6-07AB-46EF-BFB9-200D65EF48A5}.Debug|Mixed Platforms.Build.0 = Debug|x86
		{7997A6F6-07AB-46EF-BFB9-200D65EF48A5}.Debug|x64.ActiveCfg = Debug|x86
		{7997A6F6-07AB-46EF-BFB9-200D65EF48A5}.Debug|x86.ActiveCfg = Debug|x86
		{7997A6F6-07AB-46EF-BFB9-200D65EF48A5}.Debug|x86.Build.0 = Debug|x86
		{7997A6F6-07AB-46EF-BFB9-200D65EF48A5}.Release|Any CPU.ActiveCfg = Release|x86
		{7997A6F6-07AB-46EF-BFB9-200D65EF48A5}.Release|ARM.ActiveCfg = Release|x86
		{7997A6F6-07AB-46EF-BFB9-200D65EF48A5}.Release|Mixed Platforms.ActiveCfg = Release|x86
		{7997A6F6-07AB-46EF-BFB9-200D65EF48A5}.Release|Mixed Platforms.Build.0 = Release|x86
		{7997A6F6-07AB-46EF-BFB9-200D65EF48A5}.Release|x64.ActiveCfg = Release|x86
		{7997A6F6-07AB-46EF-BFB9-200D65EF48A5}.Release|x86.ActiveCfg = Release|x86
		{7997A6F6-07AB-46EF-BFB9-200D65EF48A5}.Release|x86.Build.0 = Release|x86
		{B8C61D5D-0BB3-4B95-B47D-FF79531C1989}.Debug|Any CPU.ActiveCfg = Debug|Any CPU
		{B8C61D5D-0BB3-4B95-B47D-FF79531C1989}.Debug|Any CPU.Build.0 = Debug|Any CPU
		{B8C61D5D-0BB3-4B95-B47D-FF79531C1989}.Debug|ARM.ActiveCfg = Debug|Any CPU
		{B8C61D5D-0BB3-4B95-B47D-FF79531C1989}.Debug|Mixed Platforms.ActiveCfg = Debug|Any CPU
		{B8C61D5D-0BB3-4B95-B47D-FF79531C1989}.Debug|Mixed Platforms.Build.0 = Debug|Any CPU
		{B8C61D5D-0BB3-4B95-B47D-FF79531C1989}.Debug|x64.ActiveCfg = Debug|Any CPU
		{B8C61D5D-0BB3-4B95-B47D-FF79531C1989}.Debug|x86.ActiveCfg = Debug|Any CPU
		{B8C61D5D-0BB3-4B95-B47D-FF79531C1989}.Release|Any CPU.ActiveCfg = Release|Any CPU
		{B8C61D5D-0BB3-4B95-B47D-FF79531C1989}.Release|Any CPU.Build.0 = Release|Any CPU
		{B8C61D5D-0BB3-4B95-B47D-FF79531C1989}.Release|ARM.ActiveCfg = Release|Any CPU
		{B8C61D5D-0BB3-4B95-B47D-FF79531C1989}.Release|Mixed Platforms.ActiveCfg = Release|Any CPU
		{B8C61D5D-0BB3-4B95-B47D-FF79531C1989}.Release|Mixed Platforms.Build.0 = Release|Any CPU
		{B8C61D5D-0BB3-4B95-B47D-FF79531C1989}.Release|x64.ActiveCfg = Release|Any CPU
		{B8C61D5D-0BB3-4B95-B47D-FF79531C1989}.Release|x86.ActiveCfg = Release|Any CPU
		{4A88F619-67AF-445A-BD2B-3EC30B71A2E2}.Debug|Any CPU.ActiveCfg = Debug|Any CPU
		{4A88F619-67AF-445A-BD2B-3EC30B71A2E2}.Debug|Any CPU.Build.0 = Debug|Any CPU
		{4A88F619-67AF-445A-BD2B-3EC30B71A2E2}.Debug|ARM.ActiveCfg = Debug|Any CPU
		{4A88F619-67AF-445A-BD2B-3EC30B71A2E2}.Debug|Mixed Platforms.ActiveCfg = Debug|Any CPU
		{4A88F619-67AF-445A-BD2B-3EC30B71A2E2}.Debug|Mixed Platforms.Build.0 = Debug|Any CPU
		{4A88F619-67AF-445A-BD2B-3EC30B71A2E2}.Debug|x64.ActiveCfg = Debug|Any CPU
		{4A88F619-67AF-445A-BD2B-3EC30B71A2E2}.Debug|x86.ActiveCfg = Debug|Any CPU
		{4A88F619-67AF-445A-BD2B-3EC30B71A2E2}.Release|Any CPU.ActiveCfg = Release|Any CPU
		{4A88F619-67AF-445A-BD2B-3EC30B71A2E2}.Release|Any CPU.Build.0 = Release|Any CPU
		{4A88F619-67AF-445A-BD2B-3EC30B71A2E2}.Release|ARM.ActiveCfg = Release|Any CPU
		{4A88F619-67AF-445A-BD2B-3EC30B71A2E2}.Release|Mixed Platforms.ActiveCfg = Release|Any CPU
		{4A88F619-67AF-445A-BD2B-3EC30B71A2E2}.Release|Mixed Platforms.Build.0 = Release|Any CPU
		{4A88F619-67AF-445A-BD2B-3EC30B71A2E2}.Release|x64.ActiveCfg = Release|Any CPU
		{4A88F619-67AF-445A-BD2B-3EC30B71A2E2}.Release|x86.ActiveCfg = Release|Any CPU
		{AED859A8-E17D-404C-86D7-D24D7C89A9EF}.Debug|Any CPU.ActiveCfg = Debug|Any CPU
		{AED859A8-E17D-404C-86D7-D24D7C89A9EF}.Debug|Any CPU.Build.0 = Debug|Any CPU
		{AED859A8-E17D-404C-86D7-D24D7C89A9EF}.Debug|ARM.ActiveCfg = Debug|Any CPU
		{AED859A8-E17D-404C-86D7-D24D7C89A9EF}.Debug|Mixed Platforms.ActiveCfg = Debug|Any CPU
		{AED859A8-E17D-404C-86D7-D24D7C89A9EF}.Debug|Mixed Platforms.Build.0 = Debug|Any CPU
		{AED859A8-E17D-404C-86D7-D24D7C89A9EF}.Debug|x64.ActiveCfg = Debug|Any CPU
		{AED859A8-E17D-404C-86D7-D24D7C89A9EF}.Debug|x86.ActiveCfg = Debug|Any CPU
		{AED859A8-E17D-404C-86D7-D24D7C89A9EF}.Release|Any CPU.ActiveCfg = Release|Any CPU
		{AED859A8-E17D-404C-86D7-D24D7C89A9EF}.Release|Any CPU.Build.0 = Release|Any CPU
		{AED859A8-E17D-404C-86D7-D24D7C89A9EF}.Release|ARM.ActiveCfg = Release|Any CPU
		{AED859A8-E17D-404C-86D7-D24D7C89A9EF}.Release|Mixed Platforms.ActiveCfg = Release|Any CPU
		{AED859A8-E17D-404C-86D7-D24D7C89A9EF}.Release|Mixed Platforms.Build.0 = Release|Any CPU
		{AED859A8-E17D-404C-86D7-D24D7C89A9EF}.Release|x64.ActiveCfg = Release|Any CPU
		{AED859A8-E17D-404C-86D7-D24D7C89A9EF}.Release|x86.ActiveCfg = Release|Any CPU
		{EA6DC179-ECC5-46BE-8E8D-BC6F4E0EBA01}.Debug|Any CPU.ActiveCfg = Debug|x86
		{EA6DC179-ECC5-46BE-8E8D-BC6F4E0EBA01}.Debug|ARM.ActiveCfg = Debug|x86
		{EA6DC179-ECC5-46BE-8E8D-BC6F4E0EBA01}.Debug|Mixed Platforms.ActiveCfg = Debug|x86
		{EA6DC179-ECC5-46BE-8E8D-BC6F4E0EBA01}.Debug|Mixed Platforms.Build.0 = Debug|x86
		{EA6DC179-ECC5-46BE-8E8D-BC6F4E0EBA01}.Debug|x64.ActiveCfg = Debug|x86
		{EA6DC179-ECC5-46BE-8E8D-BC6F4E0EBA01}.Debug|x86.ActiveCfg = Debug|x86
		{EA6DC179-ECC5-46BE-8E8D-BC6F4E0EBA01}.Debug|x86.Build.0 = Debug|x86
		{EA6DC179-ECC5-46BE-8E8D-BC6F4E0EBA01}.Release|Any CPU.ActiveCfg = Release|x86
		{EA6DC179-ECC5-46BE-8E8D-BC6F4E0EBA01}.Release|ARM.ActiveCfg = Release|x86
		{EA6DC179-ECC5-46BE-8E8D-BC6F4E0EBA01}.Release|Mixed Platforms.ActiveCfg = Release|x86
		{EA6DC179-ECC5-46BE-8E8D-BC6F4E0EBA01}.Release|Mixed Platforms.Build.0 = Release|x86
		{EA6DC179-ECC5-46BE-8E8D-BC6F4E0EBA01}.Release|x64.ActiveCfg = Release|x86
		{EA6DC179-ECC5-46BE-8E8D-BC6F4E0EBA01}.Release|x86.ActiveCfg = Release|x86
		{EA6DC179-ECC5-46BE-8E8D-BC6F4E0EBA01}.Release|x86.Build.0 = Release|x86
		{52D38B21-24DD-4450-B4D5-0EB0C50A235A}.Debug|Any CPU.ActiveCfg = Debug|x86
		{52D38B21-24DD-4450-B4D5-0EB0C50A235A}.Debug|ARM.ActiveCfg = Debug|x86
		{52D38B21-24DD-4450-B4D5-0EB0C50A235A}.Debug|Mixed Platforms.ActiveCfg = Debug|x86
		{52D38B21-24DD-4450-B4D5-0EB0C50A235A}.Debug|Mixed Platforms.Build.0 = Debug|x86
		{52D38B21-24DD-4450-B4D5-0EB0C50A235A}.Debug|x64.ActiveCfg = Debug|x86
		{52D38B21-24DD-4450-B4D5-0EB0C50A235A}.Debug|x86.ActiveCfg = Debug|x86
		{52D38B21-24DD-4450-B4D5-0EB0C50A235A}.Debug|x86.Build.0 = Debug|x86
		{52D38B21-24DD-4450-B4D5-0EB0C50A235A}.Release|Any CPU.ActiveCfg = Release|x86
		{52D38B21-24DD-4450-B4D5-0EB0C50A235A}.Release|ARM.ActiveCfg = Release|x86
		{52D38B21-24DD-4450-B4D5-0EB0C50A235A}.Release|Mixed Platforms.ActiveCfg = Release|x86
		{52D38B21-24DD-4450-B4D5-0EB0C50A235A}.Release|Mixed Platforms.Build.0 = Release|x86
		{52D38B21-24DD-4450-B4D5-0EB0C50A235A}.Release|x64.ActiveCfg = Release|x86
		{52D38B21-24DD-4450-B4D5-0EB0C50A235A}.Release|x86.ActiveCfg = Release|x86
		{52D38B21-24DD-4450-B4D5-0EB0C50A235A}.Release|x86.Build.0 = Release|x86
		{FE755F4D-568D-4777-8869-0A70E9F3FC28}.Debug|Any CPU.ActiveCfg = Debug|x86
		{FE755F4D-568D-4777-8869-0A70E9F3FC28}.Debug|ARM.ActiveCfg = Debug|x86
		{FE755F4D-568D-4777-8869-0A70E9F3FC28}.Debug|Mixed Platforms.ActiveCfg = Debug|x86
		{FE755F4D-568D-4777-8869-0A70E9F3FC28}.Debug|Mixed Platforms.Build.0 = Debug|x86
		{FE755F4D-568D-4777-8869-0A70E9F3FC28}.Debug|x64.ActiveCfg = Debug|x86
		{FE755F4D-568D-4777-8869-0A70E9F3FC28}.Debug|x86.ActiveCfg = Debug|x86
		{FE755F4D-568D-4777-8869-0A70E9F3FC28}.Debug|x86.Build.0 = Debug|x86
		{FE755F4D-568D-4777-8869-0A70E9F3FC28}.Release|Any CPU.ActiveCfg = Release|x86
		{FE755F4D-568D-4777-8869-0A70E9F3FC28}.Release|ARM.ActiveCfg = Release|x86
		{FE755F4D-568D-4777-8869-0A70E9F3FC28}.Release|Mixed Platforms.ActiveCfg = Release|x86
		{FE755F4D-568D-4777-8869-0A70E9F3FC28}.Release|Mixed Platforms.Build.0 = Release|x86
		{FE755F4D-568D-4777-8869-0A70E9F3FC28}.Release|x64.ActiveCfg = Release|x86
		{FE755F4D-568D-4777-8869-0A70E9F3FC28}.Release|x86.ActiveCfg = Release|x86
		{FE755F4D-568D-4777-8869-0A70E9F3FC28}.Release|x86.Build.0 = Release|x86
		{FD29C898-5DD2-4DAF-9C2C-B639A92AF39D}.Debug|Any CPU.ActiveCfg = Debug|x86
		{FD29C898-5DD2-4DAF-9C2C-B639A92AF39D}.Debug|ARM.ActiveCfg = Debug|x86
		{FD29C898-5DD2-4DAF-9C2C-B639A92AF39D}.Debug|Mixed Platforms.ActiveCfg = Debug|x86
		{FD29C898-5DD2-4DAF-9C2C-B639A92AF39D}.Debug|Mixed Platforms.Build.0 = Debug|x86
		{FD29C898-5DD2-4DAF-9C2C-B639A92AF39D}.Debug|x64.ActiveCfg = Debug|x86
		{FD29C898-5DD2-4DAF-9C2C-B639A92AF39D}.Debug|x86.ActiveCfg = Debug|x86
		{FD29C898-5DD2-4DAF-9C2C-B639A92AF39D}.Debug|x86.Build.0 = Debug|x86
		{FD29C898-5DD2-4DAF-9C2C-B639A92AF39D}.Release|Any CPU.ActiveCfg = Release|x86
		{FD29C898-5DD2-4DAF-9C2C-B639A92AF39D}.Release|ARM.ActiveCfg = Release|x86
		{FD29C898-5DD2-4DAF-9C2C-B639A92AF39D}.Release|Mixed Platforms.ActiveCfg = Release|x86
		{FD29C898-5DD2-4DAF-9C2C-B639A92AF39D}.Release|Mixed Platforms.Build.0 = Release|x86
		{FD29C898-5DD2-4DAF-9C2C-B639A92AF39D}.Release|x64.ActiveCfg = Release|x86
		{FD29C898-5DD2-4DAF-9C2C-B639A92AF39D}.Release|x86.ActiveCfg = Release|x86
		{FD29C898-5DD2-4DAF-9C2C-B639A92AF39D}.Release|x86.Build.0 = Release|x86
		{FE31172C-D6A0-4DD7-A6ED-16ED3A13FB24}.Debug|Any CPU.ActiveCfg = Debug|x86
		{FE31172C-D6A0-4DD7-A6ED-16ED3A13FB24}.Debug|ARM.ActiveCfg = Debug|x86
		{FE31172C-D6A0-4DD7-A6ED-16ED3A13FB24}.Debug|Mixed Platforms.ActiveCfg = Debug|x86
		{FE31172C-D6A0-4DD7-A6ED-16ED3A13FB24}.Debug|Mixed Platforms.Build.0 = Debug|x86
		{FE31172C-D6A0-4DD7-A6ED-16ED3A13FB24}.Debug|x64.ActiveCfg = Debug|x86
		{FE31172C-D6A0-4DD7-A6ED-16ED3A13FB24}.Debug|x86.ActiveCfg = Debug|x86
		{FE31172C-D6A0-4DD7-A6ED-16ED3A13FB24}.Debug|x86.Build.0 = Debug|x86
		{FE31172C-D6A0-4DD7-A6ED-16ED3A13FB24}.Release|Any CPU.ActiveCfg = Release|x86
		{FE31172C-D6A0-4DD7-A6ED-16ED3A13FB24}.Release|ARM.ActiveCfg = Release|x86
		{FE31172C-D6A0-4DD7-A6ED-16ED3A13FB24}.Release|Mixed Platforms.ActiveCfg = Release|x86
		{FE31172C-D6A0-4DD7-A6ED-16ED3A13FB24}.Release|Mixed Platforms.Build.0 = Release|x86
		{FE31172C-D6A0-4DD7-A6ED-16ED3A13FB24}.Release|x64.ActiveCfg = Release|x86
		{FE31172C-D6A0-4DD7-A6ED-16ED3A13FB24}.Release|x86.ActiveCfg = Release|x86
		{FE31172C-D6A0-4DD7-A6ED-16ED3A13FB24}.Release|x86.Build.0 = Release|x86
		{852E0C4D-82FC-4396-ABFD-D2BD884B257C}.Debug|Any CPU.ActiveCfg = Debug|Any CPU
		{852E0C4D-82FC-4396-ABFD-D2BD884B257C}.Debug|Any CPU.Build.0 = Debug|Any CPU
		{852E0C4D-82FC-4396-ABFD-D2BD884B257C}.Debug|ARM.ActiveCfg = Debug|Any CPU
		{852E0C4D-82FC-4396-ABFD-D2BD884B257C}.Debug|Mixed Platforms.ActiveCfg = Debug|Any CPU
		{852E0C4D-82FC-4396-ABFD-D2BD884B257C}.Debug|Mixed Platforms.Build.0 = Debug|Any CPU
		{852E0C4D-82FC-4396-ABFD-D2BD884B257C}.Debug|x64.ActiveCfg = Debug|Any CPU
		{852E0C4D-82FC-4396-ABFD-D2BD884B257C}.Debug|x86.ActiveCfg = Debug|Any CPU
		{852E0C4D-82FC-4396-ABFD-D2BD884B257C}.Release|Any CPU.ActiveCfg = Release|Any CPU
		{852E0C4D-82FC-4396-ABFD-D2BD884B257C}.Release|Any CPU.Build.0 = Release|Any CPU
		{852E0C4D-82FC-4396-ABFD-D2BD884B257C}.Release|ARM.ActiveCfg = Release|Any CPU
		{852E0C4D-82FC-4396-ABFD-D2BD884B257C}.Release|Mixed Platforms.ActiveCfg = Release|Any CPU
		{852E0C4D-82FC-4396-ABFD-D2BD884B257C}.Release|Mixed Platforms.Build.0 = Release|Any CPU
		{852E0C4D-82FC-4396-ABFD-D2BD884B257C}.Release|x64.ActiveCfg = Release|Any CPU
		{852E0C4D-82FC-4396-ABFD-D2BD884B257C}.Release|x86.ActiveCfg = Release|Any CPU
		{DFC751A7-3912-4091-AAAD-8498A2667057}.Debug|Any CPU.ActiveCfg = Debug|x86
		{DFC751A7-3912-4091-AAAD-8498A2667057}.Debug|ARM.ActiveCfg = Debug|x86
		{DFC751A7-3912-4091-AAAD-8498A2667057}.Debug|Mixed Platforms.ActiveCfg = Debug|x86
		{DFC751A7-3912-4091-AAAD-8498A2667057}.Debug|Mixed Platforms.Build.0 = Debug|x86
		{DFC751A7-3912-4091-AAAD-8498A2667057}.Debug|x64.ActiveCfg = Debug|x86
		{DFC751A7-3912-4091-AAAD-8498A2667057}.Debug|x86.ActiveCfg = Debug|x86
		{DFC751A7-3912-4091-AAAD-8498A2667057}.Debug|x86.Build.0 = Debug|x86
		{DFC751A7-3912-4091-AAAD-8498A2667057}.Release|Any CPU.ActiveCfg = Release|x86
		{DFC751A7-3912-4091-AAAD-8498A2667057}.Release|ARM.ActiveCfg = Release|x86
		{DFC751A7-3912-4091-AAAD-8498A2667057}.Release|Mixed Platforms.ActiveCfg = Release|x86
		{DFC751A7-3912-4091-AAAD-8498A2667057}.Release|Mixed Platforms.Build.0 = Release|x86
		{DFC751A7-3912-4091-AAAD-8498A2667057}.Release|x64.ActiveCfg = Release|x86
		{DFC751A7-3912-4091-AAAD-8498A2667057}.Release|x86.ActiveCfg = Release|x86
		{DFC751A7-3912-4091-AAAD-8498A2667057}.Release|x86.Build.0 = Release|x86
		{DC5B360F-2F3A-408E-A496-310B73E94C41}.Debug|Any CPU.ActiveCfg = Debug|x86
		{DC5B360F-2F3A-408E-A496-310B73E94C41}.Debug|ARM.ActiveCfg = Debug|x86
		{DC5B360F-2F3A-408E-A496-310B73E94C41}.Debug|Mixed Platforms.ActiveCfg = Debug|x86
		{DC5B360F-2F3A-408E-A496-310B73E94C41}.Debug|Mixed Platforms.Build.0 = Debug|x86
		{DC5B360F-2F3A-408E-A496-310B73E94C41}.Debug|x64.ActiveCfg = Debug|x86
		{DC5B360F-2F3A-408E-A496-310B73E94C41}.Debug|x86.ActiveCfg = Debug|x86
		{DC5B360F-2F3A-408E-A496-310B73E94C41}.Debug|x86.Build.0 = Debug|x86
		{DC5B360F-2F3A-408E-A496-310B73E94C41}.Release|Any CPU.ActiveCfg = Release|x86
		{DC5B360F-2F3A-408E-A496-310B73E94C41}.Release|ARM.ActiveCfg = Release|x86
		{DC5B360F-2F3A-408E-A496-310B73E94C41}.Release|Mixed Platforms.ActiveCfg = Release|x86
		{DC5B360F-2F3A-408E-A496-310B73E94C41}.Release|Mixed Platforms.Build.0 = Release|x86
		{DC5B360F-2F3A-408E-A496-310B73E94C41}.Release|x64.ActiveCfg = Release|x86
		{DC5B360F-2F3A-408E-A496-310B73E94C41}.Release|x86.ActiveCfg = Release|x86
		{DC5B360F-2F3A-408E-A496-310B73E94C41}.Release|x86.Build.0 = Release|x86
		{245993D6-29D8-45CD-BBCB-ABBA5887687A}.Debug|Any CPU.ActiveCfg = Debug|x86
		{245993D6-29D8-45CD-BBCB-ABBA5887687A}.Debug|ARM.ActiveCfg = Debug|x86
		{245993D6-29D8-45CD-BBCB-ABBA5887687A}.Debug|Mixed Platforms.ActiveCfg = Debug|x86
		{245993D6-29D8-45CD-BBCB-ABBA5887687A}.Debug|Mixed Platforms.Build.0 = Debug|x86
		{245993D6-29D8-45CD-BBCB-ABBA5887687A}.Debug|x64.ActiveCfg = Debug|x86
		{245993D6-29D8-45CD-BBCB-ABBA5887687A}.Debug|x86.ActiveCfg = Debug|x86
		{245993D6-29D8-45CD-BBCB-ABBA5887687A}.Debug|x86.Build.0 = Debug|x86
		{245993D6-29D8-45CD-BBCB-ABBA5887687A}.Release|Any CPU.ActiveCfg = Release|x86
		{245993D6-29D8-45CD-BBCB-ABBA5887687A}.Release|ARM.ActiveCfg = Release|x86
		{245993D6-29D8-45CD-BBCB-ABBA5887687A}.Release|Mixed Platforms.ActiveCfg = Release|x86
		{245993D6-29D8-45CD-BBCB-ABBA5887687A}.Release|Mixed Platforms.Build.0 = Release|x86
		{245993D6-29D8-45CD-BBCB-ABBA5887687A}.Release|x64.ActiveCfg = Release|x86
		{245993D6-29D8-45CD-BBCB-ABBA5887687A}.Release|x86.ActiveCfg = Release|x86
		{245993D6-29D8-45CD-BBCB-ABBA5887687A}.Release|x86.Build.0 = Release|x86
		{A6D2F344-D8D2-4C1A-B7A7-FB40E4E00F66}.Debug|Any CPU.ActiveCfg = Debug|x86
		{A6D2F344-D8D2-4C1A-B7A7-FB40E4E00F66}.Debug|ARM.ActiveCfg = Debug|x86
		{A6D2F344-D8D2-4C1A-B7A7-FB40E4E00F66}.Debug|Mixed Platforms.ActiveCfg = Debug|x86
		{A6D2F344-D8D2-4C1A-B7A7-FB40E4E00F66}.Debug|Mixed Platforms.Build.0 = Debug|x86
		{A6D2F344-D8D2-4C1A-B7A7-FB40E4E00F66}.Debug|x64.ActiveCfg = Debug|x86
		{A6D2F344-D8D2-4C1A-B7A7-FB40E4E00F66}.Debug|x86.ActiveCfg = Debug|x86
		{A6D2F344-D8D2-4C1A-B7A7-FB40E4E00F66}.Debug|x86.Build.0 = Debug|x86
		{A6D2F344-D8D2-4C1A-B7A7-FB40E4E00F66}.Release|Any CPU.ActiveCfg = Release|x86
		{A6D2F344-D8D2-4C1A-B7A7-FB40E4E00F66}.Release|ARM.ActiveCfg = Release|x86
		{A6D2F344-D8D2-4C1A-B7A7-FB40E4E00F66}.Release|Mixed Platforms.ActiveCfg = Release|x86
		{A6D2F344-D8D2-4C1A-B7A7-FB40E4E00F66}.Release|Mixed Platforms.Build.0 = Release|x86
		{A6D2F344-D8D2-4C1A-B7A7-FB40E4E00F66}.Release|x64.ActiveCfg = Release|x86
		{A6D2F344-D8D2-4C1A-B7A7-FB40E4E00F66}.Release|x86.ActiveCfg = Release|x86
		{A6D2F344-D8D2-4C1A-B7A7-FB40E4E00F66}.Release|x86.Build.0 = Release|x86
		{DE542AAA-C14D-4B46-8CA6-41706F691484}.Debug|Any CPU.ActiveCfg = Debug|x86
		{DE542AAA-C14D-4B46-8CA6-41706F691484}.Debug|ARM.ActiveCfg = Debug|x86
		{DE542AAA-C14D-4B46-8CA6-41706F691484}.Debug|Mixed Platforms.ActiveCfg = Debug|x86
		{DE542AAA-C14D-4B46-8CA6-41706F691484}.Debug|Mixed Platforms.Build.0 = Debug|x86
		{DE542AAA-C14D-4B46-8CA6-41706F691484}.Debug|x64.ActiveCfg = Debug|x86
		{DE542AAA-C14D-4B46-8CA6-41706F691484}.Debug|x86.ActiveCfg = Debug|x86
		{DE542AAA-C14D-4B46-8CA6-41706F691484}.Debug|x86.Build.0 = Debug|x86
		{DE542AAA-C14D-4B46-8CA6-41706F691484}.Release|Any CPU.ActiveCfg = Release|x86
		{DE542AAA-C14D-4B46-8CA6-41706F691484}.Release|ARM.ActiveCfg = Release|x86
		{DE542AAA-C14D-4B46-8CA6-41706F691484}.Release|Mixed Platforms.ActiveCfg = Release|x86
		{DE542AAA-C14D-4B46-8CA6-41706F691484}.Release|Mixed Platforms.Build.0 = Release|x86
		{DE542AAA-C14D-4B46-8CA6-41706F691484}.Release|x64.ActiveCfg = Release|x86
		{DE542AAA-C14D-4B46-8CA6-41706F691484}.Release|x86.ActiveCfg = Release|x86
		{DE542AAA-C14D-4B46-8CA6-41706F691484}.Release|x86.Build.0 = Release|x86
		{619DEE7F-2C71-41D3-A1D0-0E3CF0D89788}.Debug|Any CPU.ActiveCfg = Debug|x86
		{619DEE7F-2C71-41D3-A1D0-0E3CF0D89788}.Debug|ARM.ActiveCfg = Debug|x86
		{619DEE7F-2C71-41D3-A1D0-0E3CF0D89788}.Debug|Mixed Platforms.ActiveCfg = Debug|x86
		{619DEE7F-2C71-41D3-A1D0-0E3CF0D89788}.Debug|Mixed Platforms.Build.0 = Debug|x86
		{619DEE7F-2C71-41D3-A1D0-0E3CF0D89788}.Debug|x64.ActiveCfg = Debug|x86
		{619DEE7F-2C71-41D3-A1D0-0E3CF0D89788}.Debug|x86.ActiveCfg = Debug|x86
		{619DEE7F-2C71-41D3-A1D0-0E3CF0D89788}.Debug|x86.Build.0 = Debug|x86
		{619DEE7F-2C71-41D3-A1D0-0E3CF0D89788}.Release|Any CPU.ActiveCfg = Release|x86
		{619DEE7F-2C71-41D3-A1D0-0E3CF0D89788}.Release|ARM.ActiveCfg = Release|x86
		{619DEE7F-2C71-41D3-A1D0-0E3CF0D89788}.Release|Mixed Platforms.ActiveCfg = Release|x86
		{619DEE7F-2C71-41D3-A1D0-0E3CF0D89788}.Release|Mixed Platforms.Build.0 = Release|x86
		{619DEE7F-2C71-41D3-A1D0-0E3CF0D89788}.Release|x64.ActiveCfg = Release|x86
		{619DEE7F-2C71-41D3-A1D0-0E3CF0D89788}.Release|x86.ActiveCfg = Release|x86
		{619DEE7F-2C71-41D3-A1D0-0E3CF0D89788}.Release|x86.Build.0 = Release|x86
		{70808CA1-4271-46E2-8C65-260CF55CDF32}.Debug|Any CPU.ActiveCfg = Debug
		{70808CA1-4271-46E2-8C65-260CF55CDF32}.Debug|ARM.ActiveCfg = Debug
		{70808CA1-4271-46E2-8C65-260CF55CDF32}.Debug|Mixed Platforms.ActiveCfg = Debug
		{70808CA1-4271-46E2-8C65-260CF55CDF32}.Debug|x64.ActiveCfg = Debug
		{70808CA1-4271-46E2-8C65-260CF55CDF32}.Debug|x86.ActiveCfg = Debug
		{70808CA1-4271-46E2-8C65-260CF55CDF32}.Release|Any CPU.ActiveCfg = Release
		{70808CA1-4271-46E2-8C65-260CF55CDF32}.Release|ARM.ActiveCfg = Release
		{70808CA1-4271-46E2-8C65-260CF55CDF32}.Release|Mixed Platforms.ActiveCfg = Release
		{70808CA1-4271-46E2-8C65-260CF55CDF32}.Release|x64.ActiveCfg = Release
		{70808CA1-4271-46E2-8C65-260CF55CDF32}.Release|x86.ActiveCfg = Release
		{4D0932A5-F3F8-461C-B0EA-73C0639C9EA7}.Debug|Any CPU.ActiveCfg = Debug
		{4D0932A5-F3F8-461C-B0EA-73C0639C9EA7}.Debug|ARM.ActiveCfg = Debug
		{4D0932A5-F3F8-461C-B0EA-73C0639C9EA7}.Debug|Mixed Platforms.ActiveCfg = Debug
		{4D0932A5-F3F8-461C-B0EA-73C0639C9EA7}.Debug|x64.ActiveCfg = Debug
		{4D0932A5-F3F8-461C-B0EA-73C0639C9EA7}.Debug|x86.ActiveCfg = Debug
		{4D0932A5-F3F8-461C-B0EA-73C0639C9EA7}.Release|Any CPU.ActiveCfg = Release
		{4D0932A5-F3F8-461C-B0EA-73C0639C9EA7}.Release|ARM.ActiveCfg = Release
		{4D0932A5-F3F8-461C-B0EA-73C0639C9EA7}.Release|Mixed Platforms.ActiveCfg = Release
		{4D0932A5-F3F8-461C-B0EA-73C0639C9EA7}.Release|x64.ActiveCfg = Release
		{4D0932A5-F3F8-461C-B0EA-73C0639C9EA7}.Release|x86.ActiveCfg = Release
		{CC0ED342-0D35-4F15-865C-076913652EFD}.Debug|Any CPU.ActiveCfg = Debug
		{CC0ED342-0D35-4F15-865C-076913652EFD}.Debug|ARM.ActiveCfg = Debug
		{CC0ED342-0D35-4F15-865C-076913652EFD}.Debug|Mixed Platforms.ActiveCfg = Debug
		{CC0ED342-0D35-4F15-865C-076913652EFD}.Debug|x64.ActiveCfg = Debug
		{CC0ED342-0D35-4F15-865C-076913652EFD}.Debug|x86.ActiveCfg = Debug
		{CC0ED342-0D35-4F15-865C-076913652EFD}.Release|Any CPU.ActiveCfg = Release
		{CC0ED342-0D35-4F15-865C-076913652EFD}.Release|ARM.ActiveCfg = Release
		{CC0ED342-0D35-4F15-865C-076913652EFD}.Release|Mixed Platforms.ActiveCfg = Release
		{CC0ED342-0D35-4F15-865C-076913652EFD}.Release|x64.ActiveCfg = Release
		{CC0ED342-0D35-4F15-865C-076913652EFD}.Release|x86.ActiveCfg = Release
		{A7F2BF5C-382A-43C8-AEB0-806F09C9D69F}.Debug|Any CPU.ActiveCfg = Debug|Any CPU
		{A7F2BF5C-382A-43C8-AEB0-806F09C9D69F}.Debug|Any CPU.Build.0 = Debug|Any CPU
		{A7F2BF5C-382A-43C8-AEB0-806F09C9D69F}.Debug|ARM.ActiveCfg = Debug|Any CPU
		{A7F2BF5C-382A-43C8-AEB0-806F09C9D69F}.Debug|ARM.Build.0 = Debug|Any CPU
		{A7F2BF5C-382A-43C8-AEB0-806F09C9D69F}.Debug|Mixed Platforms.ActiveCfg = Debug|Any CPU
		{A7F2BF5C-382A-43C8-AEB0-806F09C9D69F}.Debug|Mixed Platforms.Build.0 = Debug|Any CPU
		{A7F2BF5C-382A-43C8-AEB0-806F09C9D69F}.Debug|x64.ActiveCfg = Debug|Any CPU
		{A7F2BF5C-382A-43C8-AEB0-806F09C9D69F}.Debug|x64.Build.0 = Debug|Any CPU
		{A7F2BF5C-382A-43C8-AEB0-806F09C9D69F}.Debug|x86.ActiveCfg = Debug|Any CPU
		{A7F2BF5C-382A-43C8-AEB0-806F09C9D69F}.Debug|x86.Build.0 = Debug|Any CPU
		{A7F2BF5C-382A-43C8-AEB0-806F09C9D69F}.Release|Any CPU.ActiveCfg = Release|Any CPU
		{A7F2BF5C-382A-43C8-AEB0-806F09C9D69F}.Release|Any CPU.Build.0 = Release|Any CPU
		{A7F2BF5C-382A-43C8-AEB0-806F09C9D69F}.Release|ARM.ActiveCfg = Release|Any CPU
		{A7F2BF5C-382A-43C8-AEB0-806F09C9D69F}.Release|ARM.Build.0 = Release|Any CPU
		{A7F2BF5C-382A-43C8-AEB0-806F09C9D69F}.Release|Mixed Platforms.ActiveCfg = Release|Any CPU
		{A7F2BF5C-382A-43C8-AEB0-806F09C9D69F}.Release|Mixed Platforms.Build.0 = Release|Any CPU
		{A7F2BF5C-382A-43C8-AEB0-806F09C9D69F}.Release|x64.ActiveCfg = Release|Any CPU
		{A7F2BF5C-382A-43C8-AEB0-806F09C9D69F}.Release|x64.Build.0 = Release|Any CPU
		{A7F2BF5C-382A-43C8-AEB0-806F09C9D69F}.Release|x86.ActiveCfg = Release|Any CPU
		{A7F2BF5C-382A-43C8-AEB0-806F09C9D69F}.Release|x86.Build.0 = Release|Any CPU
	EndGlobalSection
	GlobalSection(SolutionProperties) = preSolution
		HideSolutionNode = FALSE
	EndGlobalSection
	GlobalSection(NestedProjects) = preSolution
		{F8A817D3-AE55-4E35-95AA-6748ADC48A51} = {5F321F22-F613-4380-91BD-814121E2095C}
		{7958B7C6-191E-4BF9-BBC4-4F7396B9A375} = {5F321F22-F613-4380-91BD-814121E2095C}
		{7997A6F6-07AB-46EF-BFB9-200D65EF48A5} = {5F321F22-F613-4380-91BD-814121E2095C}
		{B8C61D5D-0BB3-4B95-B47D-FF79531C1989} = {5F321F22-F613-4380-91BD-814121E2095C}
		{4A88F619-67AF-445A-BD2B-3EC30B71A2E2} = {308E8395-34E6-4F2D-9A86-5F125A842719}
		{AED859A8-E17D-404C-86D7-D24D7C89A9EF} = {308E8395-34E6-4F2D-9A86-5F125A842719}
	EndGlobalSection
	GlobalSection(ExtensibilityGlobals) = postSolution
		SolutionGuid = {85BB1652-55C4-46A0-8843-C04283E3D50F}
	EndGlobalSection
EndGlobal
